// !$*UTF8*$!
{
	archiveVersion = 1;
	classes = {
	};
	objectVersion = 46;
	objects = {

/* Begin PBXBuildFile section */
		B39130851B2BB83800DDCB15 /* RecordedAudio.swift in Sources */ = {isa = PBXBuildFile; fileRef = B39130841B2BB83800DDCB15 /* RecordedAudio.swift */; };
		B3BF45721B2935A4000BAB18 /* AppDelegate.swift in Sources */ = {isa = PBXBuildFile; fileRef = B3BF45711B2935A4000BAB18 /* AppDelegate.swift */; };
		B3BF45741B2935A4000BAB18 /* RecordAudioViewController.swift in Sources */ = {isa = PBXBuildFile; fileRef = B3BF45731B2935A4000BAB18 /* RecordAudioViewController.swift */; };
		B3BF45771B2935A4000BAB18 /* Main.storyboard in Resources */ = {isa = PBXBuildFile; fileRef = B3BF45751B2935A4000BAB18 /* Main.storyboard */; };
		B3BF45791B2935A4000BAB18 /* Images.xcassets in Resources */ = {isa = PBXBuildFile; fileRef = B3BF45781B2935A4000BAB18 /* Images.xcassets */; };
		B3BF457C1B2935A4000BAB18 /* LaunchScreen.xib in Resources */ = {isa = PBXBuildFile; fileRef = B3BF457A1B2935A4000BAB18 /* LaunchScreen.xib */; };
		B3BF45881B2935A4000BAB18 /* PitchPerfectTests.swift in Sources */ = {isa = PBXBuildFile; fileRef = B3BF45871B2935A4000BAB18 /* PitchPerfectTests.swift */; };
		B3BF45921B293BCE000BAB18 /* PlayAudioViewController.swift in Sources */ = {isa = PBXBuildFile; fileRef = B3BF45911B293BCE000BAB18 /* PlayAudioViewController.swift */; };
		B3BF45961B29544D000BAB18 /* AVFoundation.framework in Frameworks */ = {isa = PBXBuildFile; fileRef = B3BF45951B29544D000BAB18 /* AVFoundation.framework */; };
/* End PBXBuildFile section */

/* Begin PBXContainerItemProxy section */
		B3BF45821B2935A4000BAB18 /* PBXContainerItemProxy */ = {
			isa = PBXContainerItemProxy;
			containerPortal = B3BF45641B2935A4000BAB18 /* Project object */;
			proxyType = 1;
			remoteGlobalIDString = B3BF456B1B2935A4000BAB18;
			remoteInfo = PitchPerfect;
		};
/* End PBXContainerItemProxy section */

/* Begin PBXFileReference section */
		B39130841B2BB83800DDCB15 /* RecordedAudio.swift */ = {isa = PBXFileReference; fileEncoding = 4; lastKnownFileType = sourcecode.swift; path = RecordedAudio.swift; sourceTree = "<group>"; };
		B3BF456C1B2935A4000BAB18 /* PitchPerfect.app */ = {isa = PBXFileReference; explicitFileType = wrapper.application; includeInIndex = 0; path = PitchPerfect.app; sourceTree = BUILT_PRODUCTS_DIR; };
		B3BF45701B2935A4000BAB18 /* Info.plist */ = {isa = PBXFileReference; lastKnownFileType = text.plist.xml; path = Info.plist; sourceTree = "<group>"; };
		B3BF45711B2935A4000BAB18 /* AppDelegate.swift */ = {isa = PBXFileReference; lastKnownFileType = sourcecode.swift; path = AppDelegate.swift; sourceTree = "<group>"; };
		B3BF45731B2935A4000BAB18 /* RecordAudioViewController.swift */ = {isa = PBXFileReference; lastKnownFileType = sourcecode.swift; path = RecordAudioViewController.swift; sourceTree = "<group>"; };
		B3BF45761B2935A4000BAB18 /* Base */ = {isa = PBXFileReference; lastKnownFileType = file.storyboard; name = Base; path = Base.lproj/Main.storyboard; sourceTree = "<group>"; };
		B3BF45781B2935A4000BAB18 /* Images.xcassets */ = {isa = PBXFileReference; lastKnownFileType = folder.assetcatalog; path = Images.xcassets; sourceTree = "<group>"; };
		B3BF457B1B2935A4000BAB18 /* Base */ = {isa = PBXFileReference; lastKnownFileType = file.xib; name = Base; path = Base.lproj/LaunchScreen.xib; sourceTree = "<group>"; };
		B3BF45811B2935A4000BAB18 /* PitchPerfectTests.xctest */ = {isa = PBXFileReference; explicitFileType = wrapper.cfbundle; includeInIndex = 0; path = PitchPerfectTests.xctest; sourceTree = BUILT_PRODUCTS_DIR; };
		B3BF45861B2935A4000BAB18 /* Info.plist */ = {isa = PBXFileReference; lastKnownFileType = text.plist.xml; path = Info.plist; sourceTree = "<group>"; };
		B3BF45871B2935A4000BAB18 /* PitchPerfectTests.swift */ = {isa = PBXFileReference; lastKnownFileType = sourcecode.swift; path = PitchPerfectTests.swift; sourceTree = "<group>"; };
		B3BF45911B293BCE000BAB18 /* PlayAudioViewController.swift */ = {isa = PBXFileReference; fileEncoding = 4; lastKnownFileType = sourcecode.swift; path = PlayAudioViewController.swift; sourceTree = "<group>"; };
		B3BF45951B29544D000BAB18 /* AVFoundation.framework */ = {isa = PBXFileReference; lastKnownFileType = wrapper.framework; name = AVFoundation.framework; path = System/Library/Frameworks/AVFoundation.framework; sourceTree = SDKROOT; };
/* End PBXFileReference section */

/* Begin PBXFrameworksBuildPhase section */
		B3BF45691B2935A4000BAB18 /* Frameworks */ = {
			isa = PBXFrameworksBuildPhase;
			buildActionMask = 2147483647;
			files = (
				B3BF45961B29544D000BAB18 /* AVFoundation.framework in Frameworks */,
			);
			runOnlyForDeploymentPostprocessing = 0;
		};
		B3BF457E1B2935A4000BAB18 /* Frameworks */ = {
			isa = PBXFrameworksBuildPhase;
			buildActionMask = 2147483647;
			files = (
			);
			runOnlyForDeploymentPostprocessing = 0;
		};
/* End PBXFrameworksBuildPhase section */

/* Begin PBXGroup section */
		B3BF45631B2935A4000BAB18 = {
			isa = PBXGroup;
			children = (
				B3BF45951B29544D000BAB18 /* AVFoundation.framework */,
				B3BF456E1B2935A4000BAB18 /* PitchPerfect */,
				B3BF45841B2935A4000BAB18 /* PitchPerfectTests */,
				B3BF456D1B2935A4000BAB18 /* Products */,
			);
			sourceTree = "<group>";
		};
		B3BF456D1B2935A4000BAB18 /* Products */ = {
			isa = PBXGroup;
			children = (
				B3BF456C1B2935A4000BAB18 /* PitchPerfect.app */,
				B3BF45811B2935A4000BAB18 /* PitchPerfectTests.xctest */,
			);
			name = Products;
			sourceTree = "<group>";
		};
		B3BF456E1B2935A4000BAB18 /* PitchPerfect */ = {
			isa = PBXGroup;
			children = (
				B3BF45711B2935A4000BAB18 /* AppDelegate.swift */,
				B3BF45731B2935A4000BAB18 /* RecordAudioViewController.swift */,
				B3BF45751B2935A4000BAB18 /* Main.storyboard */,
				B3BF45781B2935A4000BAB18 /* Images.xcassets */,
				B3BF457A1B2935A4000BAB18 /* LaunchScreen.xib */,
				B3BF456F1B2935A4000BAB18 /* Supporting Files */,
				B3BF45911B293BCE000BAB18 /* PlayAudioViewController.swift */,
				B39130841B2BB83800DDCB15 /* RecordedAudio.swift */,
			);
			path = PitchPerfect;
			sourceTree = "<group>";
		};
		B3BF456F1B2935A4000BAB18 /* Supporting Files */ = {
			isa = PBXGroup;
			children = (
				B3BF45701B2935A4000BAB18 /* Info.plist */,
			);
			name = "Supporting Files";
			sourceTree = "<group>";
		};
		B3BF45841B2935A4000BAB18 /* PitchPerfectTests */ = {
			isa = PBXGroup;
			children = (
				B3BF45871B2935A4000BAB18 /* PitchPerfectTests.swift */,
				B3BF45851B2935A4000BAB18 /* Supporting Files */,
			);
			path = PitchPerfectTests;
			sourceTree = "<group>";
		};
		B3BF45851B2935A4000BAB18 /* Supporting Files */ = {
			isa = PBXGroup;
			children = (
				B3BF45861B2935A4000BAB18 /* Info.plist */,
			);
			name = "Supporting Files";
			sourceTree = "<group>";
		};
/* End PBXGroup section */

/* Begin PBXNativeTarget section */
		B3BF456B1B2935A4000BAB18 /* PitchPerfect */ = {
			isa = PBXNativeTarget;
			buildConfigurationList = B3BF458B1B2935A4000BAB18 /* Build configuration list for PBXNativeTarget "PitchPerfect" */;
			buildPhases = (
				B3BF45681B2935A4000BAB18 /* Sources */,
				B3BF45691B2935A4000BAB18 /* Frameworks */,
				B3BF456A1B2935A4000BAB18 /* Resources */,
			);
			buildRules = (
			);
			dependencies = (
			);
			name = PitchPerfect;
			productName = PitchPerfect;
			productReference = B3BF456C1B2935A4000BAB18 /* PitchPerfect.app */;
			productType = "com.apple.product-type.application";
		};
		B3BF45801B2935A4000BAB18 /* PitchPerfectTests */ = {
			isa = PBXNativeTarget;
			buildConfigurationList = B3BF458E1B2935A4000BAB18 /* Build configuration list for PBXNativeTarget "PitchPerfectTests" */;
			buildPhases = (
				B3BF457D1B2935A4000BAB18 /* Sources */,
				B3BF457E1B2935A4000BAB18 /* Frameworks */,
				B3BF457F1B2935A4000BAB18 /* Resources */,
			);
			buildRules = (
			);
			dependencies = (
				B3BF45831B2935A4000BAB18 /* PBXTargetDependency */,
			);
			name = PitchPerfectTests;
			productName = PitchPerfectTests;
			productReference = B3BF45811B2935A4000BAB18 /* PitchPerfectTests.xctest */;
			productType = "com.apple.product-type.bundle.unit-test";
		};
/* End PBXNativeTarget section */

/* Begin PBXProject section */
		B3BF45641B2935A4000BAB18 /* Project object */ = {
			isa = PBXProject;
			attributes = {
				LastUpgradeCheck = 0630;
				ORGANIZATIONNAME = LeoPicado;
				TargetAttributes = {
					B3BF456B1B2935A4000BAB18 = {
						CreatedOnToolsVersion = 6.3.2;
					};
					B3BF45801B2935A4000BAB18 = {
						CreatedOnToolsVersion = 6.3.2;
						TestTargetID = B3BF456B1B2935A4000BAB18;
					};
				};
			};
			buildConfigurationList = B3BF45671B2935A4000BAB18 /* Build configuration list for PBXProject "PitchPerfect" */;
			compatibilityVersion = "Xcode 3.2";
			developmentRegion = English;
			hasScannedForEncodings = 0;
			knownRegions = (
				en,
				Base,
			);
			mainGroup = B3BF45631B2935A4000BAB18;
			productRefGroup = B3BF456D1B2935A4000BAB18 /* Products */;
			projectDirPath = "";
			projectRoot = "";
			targets = (
				B3BF456B1B2935A4000BAB18 /* PitchPerfect */,
				B3BF45801B2935A4000BAB18 /* PitchPerfectTests */,
			);
		};
/* End PBXProject section */

/* Begin PBXResourcesBuildPhase section */
		B3BF456A1B2935A4000BAB18 /* Resources */ = {
			isa = PBXResourcesBuildPhase;
			buildActionMask = 2147483647;
			files = (
				B3BF45771B2935A4000BAB18 /* Main.storyboard in Resources */,
				B3BF457C1B2935A4000BAB18 /* LaunchScreen.xib in Resources */,
				B3BF45791B2935A4000BAB18 /* Images.xcassets in Resources */,
			);
			runOnlyForDeploymentPostprocessing = 0;
		};
		B3BF457F1B2935A4000BAB18 /* Resources */ = {
			isa = PBXResourcesBuildPhase;
			buildActionMask = 2147483647;
			files = (
			);
			runOnlyForDeploymentPostprocessing = 0;
		};
/* End PBXResourcesBuildPhase section */

/* Begin PBXSourcesBuildPhase section */
		B3BF45681B2935A4000BAB18 /* Sources */ = {
			isa = PBXSourcesBuildPhase;
			buildActionMask = 2147483647;
			files = (
				B39130851B2BB83800DDCB15 /* RecordedAudio.swift in Sources */,
				B3BF45921B293BCE000BAB18 /* PlayAudioViewController.swift in Sources */,
				B3BF45741B2935A4000BAB18 /* RecordAudioViewController.swift in Sources */,
				B3BF45721B2935A4000BAB18 /* AppDelegate.swift in Sources */,
			);
			runOnlyForDeploymentPostprocessing = 0;
		};
		B3BF457D1B2935A4000BAB18 /* Sources */ = {
			isa = PBXSourcesBuildPhase;
			buildActionMask = 2147483647;
			files = (
				B3BF45881B2935A4000BAB18 /* PitchPerfectTests.swift in Sources */,
			);
			runOnlyForDeploymentPostprocessing = 0;
		};
/* End PBXSourcesBuildPhase section */

/* Begin PBXTargetDependency section */
		B3BF45831B2935A4000BAB18 /* PBXTargetDependency */ = {
			isa = PBXTargetDependency;
			target = B3BF456B1B2935A4000BAB18 /* PitchPerfect */;
			targetProxy = B3BF45821B2935A4000BAB18 /* PBXContainerItemProxy */;
		};
/* End PBXTargetDependency section */

/* Begin PBXVariantGroup section */
		B3BF45751B2935A4000BAB18 /* Main.storyboard */ = {
			isa = PBXVariantGroup;
			children = (
				B3BF45761B2935A4000BAB18 /* Base */,
			);
			name = Main.storyboard;
			sourceTree = "<group>";
		};
		B3BF457A1B2935A4000BAB18 /* LaunchScreen.xib */ = {
			isa = PBXVariantGroup;
			children = (
				B3BF457B1B2935A4000BAB18 /* Base */,
			);
			name = LaunchScreen.xib;
			sourceTree = "<group>";
		};
/* End PBXVariantGroup section */

/* Begin XCBuildConfiguration section */
		B3BF45891B2935A4000BAB18 /* Debug */ = {
			isa = XCBuildConfiguration;
			buildSettings = {
				ALWAYS_SEARCH_USER_PATHS = NO;
				CLANG_CXX_LANGUAGE_STANDARD = "gnu++0x";
				CLANG_CXX_LIBRARY = "libc++";
				CLANG_ENABLE_MODULES = YES;
				CLANG_ENABLE_OBJC_ARC = YES;
				CLANG_WARN_BOOL_CONVERSION = YES;
				CLANG_WARN_CONSTANT_CONVERSION = YES;
				CLANG_WARN_DIRECT_OBJC_ISA_USAGE = YES_ERROR;
				CLANG_WARN_EMPTY_BODY = YES;
				CLANG_WARN_ENUM_CONVERSION = YES;
				CLANG_WARN_INT_CONVERSION = YES;
				CLANG_WARN_OBJC_ROOT_CLASS = YES_ERROR;
				CLANG_WARN_UNREACHABLE_CODE = YES;
				CLANG_WARN__DUPLICATE_METHOD_MATCH = YES;
				"CODE_SIGN_IDENTITY[sdk=iphoneos*]" = "iPhone Developer";
				COPY_PHASE_STRIP = NO;
				DEBUG_INFORMATION_FORMAT = "dwarf-with-dsym";
				ENABLE_STRICT_OBJC_MSGSEND = YES;
				GCC_C_LANGUAGE_STANDARD = gnu99;
				GCC_DYNAMIC_NO_PIC = NO;
				GCC_NO_COMMON_BLOCKS = YES;
				GCC_OPTIMIZATION_LEVEL = 0;
				GCC_PREPROCESSOR_DEFINITIONS = (
					"DEBUG=1",
					"$(inherited)",
				);
				GCC_SYMBOLS_PRIVATE_EXTERN = NO;
				GCC_WARN_64_TO_32_BIT_CONVERSION = YES;
				GCC_WARN_ABOUT_RETURN_TYPE = YES_ERROR;
				GCC_WARN_UNDECLARED_SELECTOR = YES;
				GCC_WARN_UNINITIALIZED_AUTOS = YES_AGGRESSIVE;
				GCC_WARN_UNUSED_FUNCTION = YES;
				GCC_WARN_UNUSED_VARIABLE = YES;
				IPHONEOS_DEPLOYMENT_TARGET = 8.3;
				MTL_ENABLE_DEBUG_INFO = YES;
				ONLY_ACTIVE_ARCH = YES;
				SDKROOT = iphoneos;
				SWIFT_OPTIMIZATION_LEVEL = "-Onone";
			};
			name = Debug;
		};
		B3BF458A1B2935A4000BAB18 /* Release */ = {
			isa = XCBuildConfiguration;
			buildSettings = {
				ALWAYS_SEARCH_USER_PATHS = NO;
				CLANG_CXX_LANGUAGE_STANDARD = "gnu++0x";
				CLANG_CXX_LIBRARY = "libc++";
				CLANG_ENABLE_MODULES = YES;
				CLANG_ENABLE_OBJC_ARC = YES;
				CLANG_WARN_BOOL_CONVERSION = YES;
				CLANG_WARN_CONSTANT_CONVERSION = YES;
				CLANG_WARN_DIRECT_OBJC_ISA_USAGE = YES_ERROR;
				CLANG_WARN_EMPTY_BODY = YES;
				CLANG_WARN_ENUM_CONVERSION = YES;
				CLANG_WARN_INT_CONVERSION = YES;
				CLANG_WARN_OBJC_ROOT_CLASS = YES_ERROR;
				CLANG_WARN_UNREACHABLE_CODE = YES;
				CLANG_WARN__DUPLICATE_METHOD_MATCH = YES;
				"CODE_SIGN_IDENTITY[sdk=iphoneos*]" = "iPhone Developer";
				COPY_PHASE_STRIP = NO;
				DEBUG_INFORMATION_FORMAT = "dwarf-with-dsym";
				ENABLE_NS_ASSERTIONS = NO;
				ENABLE_STRICT_OBJC_MSGSEND = YES;
				GCC_C_LANGUAGE_STANDARD = gnu99;
				GCC_NO_COMMON_BLOCKS = YES;
				GCC_WARN_64_TO_32_BIT_CONVERSION = YES;
				GCC_WARN_ABOUT_RETURN_TYPE = YES_ERROR;
				GCC_WARN_UNDECLARED_SELECTOR = YES;
				GCC_WARN_UNINITIALIZED_AUTOS = YES_AGGRESSIVE;
				GCC_WARN_UNUSED_FUNCTION = YES;
				GCC_WARN_UNUSED_VARIABLE = YES;
				IPHONEOS_DEPLOYMENT_TARGET = 8.3;
				MTL_ENABLE_DEBUG_INFO = NO;
				SDKROOT = iphoneos;
				VALIDATE_PRODUCT = YES;
			};
			name = Release;
		};
		B3BF458C1B2935A4000BAB18 /* Debug */ = {
			isa = XCBuildConfiguration;
			buildSettings = {
				ASSETCATALOG_COMPILER_APPICON_NAME = AppIcon;
				INFOPLIST_FILE = PitchPerfect/Info.plist;
				LD_RUNPATH_SEARCH_PATHS = "$(inherited) @executable_path/Frameworks";
				PRODUCT_NAME = "$(TARGET_NAME)";
			};
			name = Debug;
		};
		B3BF458D1B2935A4000BAB18 /* Release */ = {
			isa = XCBuildConfiguration;
			buildSettings = {
				ASSETCATALOG_COMPILER_APPICON_NAME = AppIcon;
				INFOPLIST_FILE = PitchPerfect/Info.plist;
				LD_RUNPATH_SEARCH_PATHS = "$(inherited) @executable_path/Frameworks";
				PRODUCT_NAME = "$(TARGET_NAME)";
			};
			name = Release;
		};
		B3BF458F1B2935A4000BAB18 /* Debug */ = {
			isa = XCBuildConfiguration;
			buildSettings = {
				BUNDLE_LOADER = "$(TEST_HOST)";
				FRAMEWORK_SEARCH_PATHS = (
					"$(SDKROOT)/Developer/Library/Frameworks",
					"$(inherited)",
				);
				GCC_PREPROCESSOR_DEFINITIONS = (
					"DEBUG=1",
					"$(inherited)",
				);
				INFOPLIST_FILE = PitchPerfectTests/Info.plist;
				LD_RUNPATH_SEARCH_PATHS = "$(inherited) @executable_path/Frameworks @loader_path/Frameworks";
				PRODUCT_NAME = "$(TARGET_NAME)";
				TEST_HOST = "$(BUILT_PRODUCTS_DIR)/PitchPerfect.app/PitchPerfect";
			};
			name = Debug;
		};
		B3BF45901B2935A4000BAB18 /* Release */ = {
			isa = XCBuildConfiguration;
			buildSettings = {
				BUNDLE_LOADER = "$(TEST_HOST)";
				FRAMEWORK_SEARCH_PATHS = (
					"$(SDKROOT)/Developer/Library/Frameworks",
					"$(inherited)",
				);
				INFOPLIST_FILE = PitchPerfectTests/Info.plist;
				LD_RUNPATH_SEARCH_PATHS = "$(inherited) @executable_path/Frameworks @loader_path/Frameworks";
				PRODUCT_NAME = "$(TARGET_NAME)";
				TEST_HOST = "$(BUILT_PRODUCTS_DIR)/PitchPerfect.app/PitchPerfect";
			};
			name = Release;
		};
/* End XCBuildConfiguration section */

/* Begin XCConfigurationList section */
		B3BF45671B2935A4000BAB18 /* Build configuration list for PBXProject "PitchPerfect" */ = {
			isa = XCConfigurationList;
			buildConfigurations = (
				B3BF45891B2935A4000BAB18 /* Debug */,
				B3BF458A1B2935A4000BAB18 /* Release */,
			);
			defaultConfigurationIsVisible = 0;
			defaultConfigurationName = Release;
		};
		B3BF458B1B2935A4000BAB18 /* Build configuration list for PBXNativeTarget "PitchPerfect" */ = {
			isa = XCConfigurationList;
			buildConfigurations = (
				B3BF458C1B2935A4000BAB18 /* Debug */,
				B3BF458D1B2935A4000BAB18 /* Release */,
			);
			defaultConfigurationIsVisible = 0;
			defaultConfigurationName = Release;
		};
		B3BF458E1B2935A4000BAB18 /* Build configuration list for PBXNativeTarget "PitchPerfectTests" */ = {
			isa = XCConfigurationList;
			buildConfigurations = (
				B3BF458F1B2935A4000BAB18 /* Debug */,
				B3BF45901B2935A4000BAB18 /* Release */,
			);
			defaultConfigurationIsVisible = 0;
			defaultConfigurationName = Release;
		};
/* End XCConfigurationList section */
	};
	rootObject = B3BF45641B2935A4000BAB18 /* Project object */;
}
